
Microsoft Visual Studio Solution File, Format Version 12.00
# Visual Studio Version 17
VisualStudioVersion = 17.14.36603.0 d17.14
MinimumVisualStudioVersion = 10.0.40219.1
Project("{FAE04EC0-301F-11D3-BF4B-00C04F79EFBC}") = "MyAswesomeApi", "MyAswesomeApi\MyAswesomeApi.csproj", "{14BA5D0F-61BF-490E-9AC7-E0FCE051BC69}"
EndProject
Global
	GlobalSection(SolutionConfigurationPlatforms) = preSolution
		Debug|Any CPU = Debug|Any CPU
		Release|Any CPU = Release|Any CPU
	EndGlobalSection
	GlobalSection(ProjectConfigurationPlatforms) = postSolution
		{14BA5D0F-61BF-490E-9AC7-E0FCE051BC69}.Debug|Any CPU.ActiveCfg = Debug|Any CPU
		{14BA5D0F-61BF-490E-9AC7-E0FCE051BC69}.Debug|Any CPU.Build.0 = Debug|Any CPU
		{14BA5D0F-61BF-490E-9AC7-E0FCE051BC69}.Release|Any CPU.ActiveCfg = Release|Any CPU
		{14BA5D0F-61BF-490E-9AC7-E0FCE051BC69}.Release|Any CPU.Build.0 = Release|Any CPU
	EndGlobalSection
	GlobalSection(SolutionProperties) = preSolution
		HideSolutionNode = FALSE
	EndGlobalSection
	GlobalSection(ExtensibilityGlobals) = postSolution
		SolutionGuid = {09098F01-3EEB-4086-A56F-1F3231AE55BA}
	EndGlobalSection
EndGlobal
